
Microsoft Visual Studio Solution File, Format Version 12.00
# Visual Studio for Mac
Project("{FAE04EC0-301F-11D3-BF4B-00C04F79EFBC}") = "kehuduan", "kehuduan.csproj", "{01278091-48EA-3A10-0751-D230C4907E84}"
EndProject
Project("{FAE04EC0-301F-11D3-BF4B-00C04F79EFBC}") = "kehuduan.Plugins", "kehuduan.Plugins.csproj", "{4AA38E38-45DA-710F-CF08-379B9455BCA9}"
EndProject
Project("{FAE04EC0-301F-11D3-BF4B-00C04F79EFBC}") = "kehuduan.Editor", "kehuduan.Editor.csproj", "{902DFFD0-E54A-BCB1-5FCA-5E9040E01402}"
EndProject
Project("{FAE04EC0-301F-11D3-BF4B-00C04F79EFBC}") = "kehuduan.Editor.Plugins", "kehuduan.Editor.Plugins.csproj", "{938AE836-6CE8-ACAC-F713-C7EA3F170915}"
EndProject
Global
	GlobalSection(SolutionConfigurationPlatforms) = preSolution
		Debug|Any CPU = Debug|Any CPU
		Release|Any CPU = Release|Any CPU
	EndGlobalSection
	GlobalSection(ProjectConfigurationPlatforms) = postSolution
		{01278091-48EA-3A10-0751-D230C4907E84}.Debug|Any CPU.ActiveCfg = Debug|Any CPU
		{01278091-48EA-3A10-0751-D230C4907E84}.Debug|Any CPU.Build.0 = Debug|Any CPU
		{01278091-48EA-3A10-0751-D230C4907E84}.Release|Any CPU.ActiveCfg = Release|Any CPU
		{01278091-48EA-3A10-0751-D230C4907E84}.Release|Any CPU.Build.0 = Release|Any CPU
		{4AA38E38-45DA-710F-CF08-379B9455BCA9}.Debug|Any CPU.ActiveCfg = Debug|Any CPU
		{4AA38E38-45DA-710F-CF08-379B9455BCA9}.Debug|Any CPU.Build.0 = Debug|Any CPU
		{4AA38E38-45DA-710F-CF08-379B9455BCA9}.Release|Any CPU.ActiveCfg = Release|Any CPU
		{4AA38E38-45DA-710F-CF08-379B9455BCA9}.Release|Any CPU.Build.0 = Release|Any CPU
		{902DFFD0-E54A-BCB1-5FCA-5E9040E01402}.Debug|Any CPU.ActiveCfg = Debug|Any CPU
		{902DFFD0-E54A-BCB1-5FCA-5E9040E01402}.Debug|Any CPU.Build.0 = Debug|Any CPU
		{902DFFD0-E54A-BCB1-5FCA-5E9040E01402}.Release|Any CPU.ActiveCfg = Release|Any CPU
		{902DFFD0-E54A-BCB1-5FCA-5E9040E01402}.Release|Any CPU.Build.0 = Release|Any CPU
		{938AE836-6CE8-ACAC-F713-C7EA3F170915}.Debug|Any CPU.ActiveCfg = Debug|Any CPU
		{938AE836-6CE8-ACAC-F713-C7EA3F170915}.Debug|Any CPU.Build.0 = Debug|Any CPU
		{938AE836-6CE8-ACAC-F713-C7EA3F170915}.Release|Any CPU.ActiveCfg = Release|Any CPU
		{938AE836-6CE8-ACAC-F713-C7EA3F170915}.Release|Any CPU.Build.0 = Release|Any CPU
	EndGlobalSection
	GlobalSection(SolutionProperties) = preSolution
		HideSolutionNode = FALSE
	EndGlobalSection
EndGlobal
