
Microsoft Visual Studio Solution File, Format Version 11.00
# Visual Studio 2010
Project("{E097FAD1-6243-4DAD-9C02-E9B9EFC3FFC1}") = "Assembly-CSharp", "Assembly-CSharp.csproj", "{09244C11-A49A-2946-1907-9FDD7146432F}"
EndProject
Project("{E097FAD1-6243-4DAD-9C02-E9B9EFC3FFC1}") = "Assembly-CSharp-firstpass", "Assembly-CSharp-firstpass.csproj", "{9BFB203E-160A-9439-FF49-104CD813C73F}"
EndProject
Project("{E097FAD1-6243-4DAD-9C02-E9B9EFC3FFC1}") = "Assembly-CSharp-Editor", "Assembly-CSharp-Editor.csproj", "{8A84BCDF-6161-557F-97BA-1BA6377B43AE}"
EndProject
Project("{E097FAD1-6243-4DAD-9C02-E9B9EFC3FFC1}") = "Assembly-CSharp-Editor-firstpass", "Assembly-CSharp-Editor-firstpass.csproj", "{230CD15E-8A09-4FD2-32EF-823ABF567A72}"
EndProject
Global
	GlobalSection(SolutionConfigurationPlatforms) = preSolution
		Debug|Any CPU = Debug|Any CPU
		Release|Any CPU = Release|Any CPU
	EndGlobalSection
	GlobalSection(ProjectConfigurationPlatforms) = postSolution
		{09244C11-A49A-2946-1907-9FDD7146432F}.Debug|Any CPU.ActiveCfg = Debug|Any CPU
		{09244C11-A49A-2946-1907-9FDD7146432F}.Debug|Any CPU.Build.0 = Debug|Any CPU
		{09244C11-A49A-2946-1907-9FDD7146432F}.Release|Any CPU.ActiveCfg = Release|Any CPU
		{09244C11-A49A-2946-1907-9FDD7146432F}.Release|Any CPU.Build.0 = Release|Any CPU
		{9BFB203E-160A-9439-FF49-104CD813C73F}.Debug|Any CPU.ActiveCfg = Debug|Any CPU
		{9BFB203E-160A-9439-FF49-104CD813C73F}.Debug|Any CPU.Build.0 = Debug|Any CPU
		{9BFB203E-160A-9439-FF49-104CD813C73F}.Release|Any CPU.ActiveCfg = Release|Any CPU
		{9BFB203E-160A-9439-FF49-104CD813C73F}.Release|Any CPU.Build.0 = Release|Any CPU
		{8A84BCDF-6161-557F-97BA-1BA6377B43AE}.Debug|Any CPU.ActiveCfg = Debug|Any CPU
		{8A84BCDF-6161-557F-97BA-1BA6377B43AE}.Debug|Any CPU.Build.0 = Debug|Any CPU
		{8A84BCDF-6161-557F-97BA-1BA6377B43AE}.Release|Any CPU.ActiveCfg = Release|Any CPU
		{8A84BCDF-6161-557F-97BA-1BA6377B43AE}.Release|Any CPU.Build.0 = Release|Any CPU
		{230CD15E-8A09-4FD2-32EF-823ABF567A72}.Debug|Any CPU.ActiveCfg = Debug|Any CPU
		{230CD15E-8A09-4FD2-32EF-823ABF567A72}.Debug|Any CPU.Build.0 = Debug|Any CPU
		{230CD15E-8A09-4FD2-32EF-823ABF567A72}.Release|Any CPU.ActiveCfg = Release|Any CPU
		{230CD15E-8A09-4FD2-32EF-823ABF567A72}.Release|Any CPU.Build.0 = Release|Any CPU
	EndGlobalSection
	GlobalSection(SolutionProperties) = preSolution
		HideSolutionNode = FALSE
	EndGlobalSection
	GlobalSection(MonoDevelopProperties) = preSolution
		StartupItem = Assembly-CSharp.csproj
	EndGlobalSection
EndGlobal
