
Microsoft Visual Studio Solution File, Format Version 12.00
# Visual Studio 2015
Project("{FAE04EC0-301F-11D3-BF4B-00C04F79EFBC}") = "xingyu2_shenkong.CSharp.Plugins", "xingyu2_shenkong.CSharp.Plugins.csproj", "{C8273B33-76CE-71FF-2C12-CE47B5E7F789}"
EndProject
Project("{FAE04EC0-301F-11D3-BF4B-00C04F79EFBC}") = "xingyu2_shenkong.CSharp", "xingyu2_shenkong.CSharp.csproj", "{3ECED2DF-9CAE-2D12-7055-6539A128B6C0}"
EndProject
Project("{FAE04EC0-301F-11D3-BF4B-00C04F79EFBC}") = "xingyu2_shenkong.CSharp.Editor", "xingyu2_shenkong.CSharp.Editor.csproj", "{8784E1D1-E039-424F-E162-73E4B59CF723}"
EndProject
Global
	GlobalSection(SolutionConfigurationPlatforms) = preSolution
		Debug|Any CPU = Debug|Any CPU
		Release|Any CPU = Release|Any CPU
	EndGlobalSection
	GlobalSection(ProjectConfigurationPlatforms) = postSolution
		{C8273B33-76CE-71FF-2C12-CE47B5E7F789}.Debug|Any CPU.ActiveCfg = Debug|Any CPU
		{C8273B33-76CE-71FF-2C12-CE47B5E7F789}.Debug|Any CPU.Build.0 = Debug|Any CPU
		{C8273B33-76CE-71FF-2C12-CE47B5E7F789}.Release|Any CPU.ActiveCfg = Release|Any CPU
		{C8273B33-76CE-71FF-2C12-CE47B5E7F789}.Release|Any CPU.Build.0 = Release|Any CPU
		{3ECED2DF-9CAE-2D12-7055-6539A128B6C0}.Debug|Any CPU.ActiveCfg = Debug|Any CPU
		{3ECED2DF-9CAE-2D12-7055-6539A128B6C0}.Debug|Any CPU.Build.0 = Debug|Any CPU
		{3ECED2DF-9CAE-2D12-7055-6539A128B6C0}.Release|Any CPU.ActiveCfg = Release|Any CPU
		{3ECED2DF-9CAE-2D12-7055-6539A128B6C0}.Release|Any CPU.Build.0 = Release|Any CPU
		{8784E1D1-E039-424F-E162-73E4B59CF723}.Debug|Any CPU.ActiveCfg = Debug|Any CPU
		{8784E1D1-E039-424F-E162-73E4B59CF723}.Debug|Any CPU.Build.0 = Debug|Any CPU
		{8784E1D1-E039-424F-E162-73E4B59CF723}.Release|Any CPU.ActiveCfg = Release|Any CPU
		{8784E1D1-E039-424F-E162-73E4B59CF723}.Release|Any CPU.Build.0 = Release|Any CPU
	EndGlobalSection
	GlobalSection(SolutionProperties) = preSolution
		HideSolutionNode = FALSE
	EndGlobalSection
EndGlobal
